// !$*UTF8*$!
{
	archiveVersion = 1;
	classes = {
	};
	objectVersion = 46;
	objects = {

/* Begin PBXBuildFile section */
		20639B611A0457D50052340C /* main.m in Sources */ = {isa = PBXBuildFile; fileRef = 20639B601A0457D50052340C /* main.m */; };
		20639B641A0457D50052340C /* AppDelegate.m in Sources */ = {isa = PBXBuildFile; fileRef = 20639B631A0457D50052340C /* AppDelegate.m */; };
		20639B671A0457D50052340C /* ViewController.m in Sources */ = {isa = PBXBuildFile; fileRef = 20639B661A0457D50052340C /* ViewController.m */; };
		20639B6A1A0457D50052340C /* Main.storyboard in Resources */ = {isa = PBXBuildFile; fileRef = 20639B681A0457D50052340C /* Main.storyboard */; };
		20639B6C1A0457D50052340C /* Images.xcassets in Resources */ = {isa = PBXBuildFile; fileRef = 20639B6B1A0457D50052340C /* Images.xcassets */; };
		20639B6F1A0457D50052340C /* LaunchScreen.xib in Resources */ = {isa = PBXBuildFile; fileRef = 20639B6D1A0457D50052340C /* LaunchScreen.xib */; };
		20639B7B1A0457D50052340C /* TableTestTests.m in Sources */ = {isa = PBXBuildFile; fileRef = 20639B7A1A0457D50052340C /* TableTestTests.m */; };
/* End PBXBuildFile section */

/* Begin PBXContainerItemProxy section */
		20639B751A0457D50052340C /* PBXContainerItemProxy */ = {
			isa = PBXContainerItemProxy;
			containerPortal = 20639B531A0457D50052340C /* Project object */;
			proxyType = 1;
			remoteGlobalIDString = 20639B5A1A0457D50052340C;
			remoteInfo = TableTest;
		};
/* End PBXContainerItemProxy section */

/* Begin PBXFileReference section */
		20639B5B1A0457D50052340C /* TableTest.app */ = {isa = PBXFileReference; explicitFileType = wrapper.application; includeInIndex = 0; path = TableTest.app; sourceTree = BUILT_PRODUCTS_DIR; };
		20639B5F1A0457D50052340C /* Info.plist */ = {isa = PBXFileReference; lastKnownFileType = text.plist.xml; path = Info.plist; sourceTree = "<group>"; };
		20639B601A0457D50052340C /* main.m */ = {isa = PBXFileReference; lastKnownFileType = sourcecode.c.objc; path = main.m; sourceTree = "<group>"; };
		20639B621A0457D50052340C /* AppDelegate.h */ = {isa = PBXFileReference; lastKnownFileType = sourcecode.c.h; path = AppDelegate.h; sourceTree = "<group>"; };
		20639B631A0457D50052340C /* AppDelegate.m */ = {isa = PBXFileReference; lastKnownFileType = sourcecode.c.objc; path = AppDelegate.m; sourceTree = "<group>"; };
		20639B651A0457D50052340C /* ViewController.h */ = {isa = PBXFileReference; lastKnownFileType = sourcecode.c.h; path = ViewController.h; sourceTree = "<group>"; };
		20639B661A0457D50052340C /* ViewController.m */ = {isa = PBXFileReference; lastKnownFileType = sourcecode.c.objc; path = ViewController.m; sourceTree = "<group>"; };
		20639B691A0457D50052340C /* Base */ = {isa = PBXFileReference; lastKnownFileType = file.storyboard; name = Base; path = Base.lproj/Main.storyboard; sourceTree = "<group>"; };
		20639B6B1A0457D50052340C /* Images.xcassets */ = {isa = PBXFileReference; lastKnownFileType = folder.assetcatalog; path = Images.xcassets; sourceTree = "<group>"; };
		20639B6E1A0457D50052340C /* Base */ = {isa = PBXFileReference; lastKnownFileType = file.xib; name = Base; path = Base.lproj/LaunchScreen.xib; sourceTree = "<group>"; };
		20639B741A0457D50052340C /* TableTestTests.xctest */ = {isa = PBXFileReference; explicitFileType = wrapper.cfbundle; includeInIndex = 0; path = TableTestTests.xctest; sourceTree = BUILT_PRODUCTS_DIR; };
		20639B791A0457D50052340C /* Info.plist */ = {isa = PBXFileReference; lastKnownFileType = text.plist.xml; path = Info.plist; sourceTree = "<group>"; };
		20639B7A1A0457D50052340C /* TableTestTests.m */ = {isa = PBXFileReference; lastKnownFileType = sourcecode.c.objc; path = TableTestTests.m; sourceTree = "<group>"; };
/* End PBXFileReference section */

/* Begin PBXFrameworksBuildPhase section */
		20639B581A0457D50052340C /* Frameworks */ = {
			isa = PBXFrameworksBuildPhase;
			buildActionMask = 2147483647;
			files = (
			);
			runOnlyForDeploymentPostprocessing = 0;
		};
		20639B711A0457D50052340C /* Frameworks */ = {
			isa = PBXFrameworksBuildPhase;
			buildActionMask = 2147483647;
			files = (
			);
			runOnlyForDeploymentPostprocessing = 0;
		};
/* End PBXFrameworksBuildPhase section */

/* Begin PBXGroup section */
		20639B521A0457D50052340C = {
			isa = PBXGroup;
			children = (
				20639B5D1A0457D50052340C /* TableTest */,
				20639B771A0457D50052340C /* TableTestTests */,
				20639B5C1A0457D50052340C /* Products */,
			);
			sourceTree = "<group>";
		};
		20639B5C1A0457D50052340C /* Products */ = {
			isa = PBXGroup;
			children = (
				20639B5B1A0457D50052340C /* TableTest.app */,
				20639B741A0457D50052340C /* TableTestTests.xctest */,
			);
			name = Products;
			sourceTree = "<group>";
		};
		20639B5D1A0457D50052340C /* TableTest */ = {
			isa = PBXGroup;
			children = (
				20639B621A0457D50052340C /* AppDelegate.h */,
				20639B631A0457D50052340C /* AppDelegate.m */,
				20639B651A0457D50052340C /* ViewController.h */,
				20639B661A0457D50052340C /* ViewController.m */,
				20639B681A0457D50052340C /* Main.storyboard */,
				20639B6B1A0457D50052340C /* Images.xcassets */,
				20639B6D1A0457D50052340C /* LaunchScreen.xib */,
				20639B5E1A0457D50052340C /* Supporting Files */,
			);
			path = TableTest;
			sourceTree = "<group>";
		};
		20639B5E1A0457D50052340C /* Supporting Files */ = {
			isa = PBXGroup;
			children = (
				20639B5F1A0457D50052340C /* Info.plist */,
				20639B601A0457D50052340C /* main.m */,
			);
			name = "Supporting Files";
			sourceTree = "<group>";
		};
		20639B771A0457D50052340C /* TableTestTests */ = {
			isa = PBXGroup;
			children = (
				20639B7A1A0457D50052340C /* TableTestTests.m */,
				20639B781A0457D50052340C /* Supporting Files */,
			);
			path = TableTestTests;
			sourceTree = "<group>";
		};
		20639B781A0457D50052340C /* Supporting Files */ = {
			isa = PBXGroup;
			children = (
				20639B791A0457D50052340C /* Info.plist */,
			);
			name = "Supporting Files";
			sourceTree = "<group>";
		};
/* End PBXGroup section */

/* Begin PBXNativeTarget section */
		20639B5A1A0457D50052340C /* TableTest */ = {
			isa = PBXNativeTarget;
			buildConfigurationList = 20639B7E1A0457D50052340C /* Build configuration list for PBXNativeTarget "TableTest" */;
			buildPhases = (
				20639B571A0457D50052340C /* Sources */,
				20639B581A0457D50052340C /* Frameworks */,
				20639B591A0457D50052340C /* Resources */,
			);
			buildRules = (
			);
			dependencies = (
			);
			name = TableTest;
			productName = TableTest;
			productReference = 20639B5B1A0457D50052340C /* TableTest.app */;
			productType = "com.apple.product-type.application";
		};
		20639B731A0457D50052340C /* TableTestTests */ = {
			isa = PBXNativeTarget;
			buildConfigurationList = 20639B811A0457D50052340C /* Build configuration list for PBXNativeTarget "TableTestTests" */;
			buildPhases = (
				20639B701A0457D50052340C /* Sources */,
				20639B711A0457D50052340C /* Frameworks */,
				20639B721A0457D50052340C /* Resources */,
			);
			buildRules = (
			);
			dependencies = (
				20639B761A0457D50052340C /* PBXTargetDependency */,
			);
			name = TableTestTests;
			productName = TableTestTests;
			productReference = 20639B741A0457D50052340C /* TableTestTests.xctest */;
			productType = "com.apple.product-type.bundle.unit-test";
		};
/* End PBXNativeTarget section */

/* Begin PBXProject section */
		20639B531A0457D50052340C /* Project object */ = {
			isa = PBXProject;
			attributes = {
				LastUpgradeCheck = 0610;
				ORGANIZATIONNAME = Walmart;
				TargetAttributes = {
					20639B5A1A0457D50052340C = {
						CreatedOnToolsVersion = 6.1;
					};
					20639B731A0457D50052340C = {
						CreatedOnToolsVersion = 6.1;
						TestTargetID = 20639B5A1A0457D50052340C;
					};
				};
			};
			buildConfigurationList = 20639B561A0457D50052340C /* Build configuration list for PBXProject "TableTest" */;
			compatibilityVersion = "Xcode 3.2";
			developmentRegion = English;
			hasScannedForEncodings = 0;
			knownRegions = (
				en,
				Base,
			);
			mainGroup = 20639B521A0457D50052340C;
			productRefGroup = 20639B5C1A0457D50052340C /* Products */;
			projectDirPath = "";
			projectRoot = "";
			targets = (
				20639B5A1A0457D50052340C /* TableTest */,
				20639B731A0457D50052340C /* TableTestTests */,
			);
		};
/* End PBXProject section */

/* Begin PBXResourcesBuildPhase section */
		20639B591A0457D50052340C /* Resources */ = {
			isa = PBXResourcesBuildPhase;
			buildActionMask = 2147483647;
			files = (
				20639B6A1A0457D50052340C /* Main.storyboard in Resources */,
				20639B6F1A0457D50052340C /* LaunchScreen.xib in Resources */,
				20639B6C1A0457D50052340C /* Images.xcassets in Resources */,
			);
			runOnlyForDeploymentPostprocessing = 0;
		};
		20639B721A0457D50052340C /* Resources */ = {
			isa = PBXResourcesBuildPhase;
			buildActionMask = 2147483647;
			files = (
			);
			runOnlyForDeploymentPostprocessing = 0;
		};
/* End PBXResourcesBuildPhase section */

/* Begin PBXSourcesBuildPhase section */
		20639B571A0457D50052340C /* Sources */ = {
			isa = PBXSourcesBuildPhase;
			buildActionMask = 2147483647;
			files = (
				20639B671A0457D50052340C /* ViewController.m in Sources */,
				20639B641A0457D50052340C /* AppDelegate.m in Sources */,
				20639B611A0457D50052340C /* main.m in Sources */,
			);
			runOnlyForDeploymentPostprocessing = 0;
		};
		20639B701A0457D50052340C /* Sources */ = {
			isa = PBXSourcesBuildPhase;
			buildActionMask = 2147483647;
			files = (
				20639B7B1A0457D50052340C /* TableTestTests.m in Sources */,
			);
			runOnlyForDeploymentPostprocessing = 0;
		};
/* End PBXSourcesBuildPhase section */

/* Begin PBXTargetDependency section */
		20639B761A0457D50052340C /* PBXTargetDependency */ = {
			isa = PBXTargetDependency;
			target = 20639B5A1A0457D50052340C /* TableTest */;
			targetProxy = 20639B751A0457D50052340C /* PBXContainerItemProxy */;
		};
/* End PBXTargetDependency section */

/* Begin PBXVariantGroup section */
		20639B681A0457D50052340C /* Main.storyboard */ = {
			isa = PBXVariantGroup;
			children = (
				20639B691A0457D50052340C /* Base */,
			);
			name = Main.storyboard;
			sourceTree = "<group>";
		};
		20639B6D1A0457D50052340C /* LaunchScreen.xib */ = {
			isa = PBXVariantGroup;
			children = (
				20639B6E1A0457D50052340C /* Base */,
			);
			name = LaunchScreen.xib;
			sourceTree = "<group>";
		};
/* End PBXVariantGroup section */

/* Begin XCBuildConfiguration section */
		20639B7C1A0457D50052340C /* Debug */ = {
			isa = XCBuildConfiguration;
			buildSettings = {
				ALWAYS_SEARCH_USER_PATHS = NO;
				CLANG_CXX_LANGUAGE_STANDARD = "gnu++0x";
				CLANG_CXX_LIBRARY = "libc++";
				CLANG_ENABLE_MODULES = YES;
				CLANG_ENABLE_OBJC_ARC = YES;
				CLANG_WARN_BOOL_CONVERSION = YES;
				CLANG_WARN_CONSTANT_CONVERSION = YES;
				CLANG_WARN_DIRECT_OBJC_ISA_USAGE = YES_ERROR;
				CLANG_WARN_EMPTY_BODY = YES;
				CLANG_WARN_ENUM_CONVERSION = YES;
				CLANG_WARN_INT_CONVERSION = YES;
				CLANG_WARN_OBJC_ROOT_CLASS = YES_ERROR;
				CLANG_WARN_UNREACHABLE_CODE = YES;
				CLANG_WARN__DUPLICATE_METHOD_MATCH = YES;
				"CODE_SIGN_IDENTITY[sdk=iphoneos*]" = "iPhone Developer";
				COPY_PHASE_STRIP = NO;
				ENABLE_STRICT_OBJC_MSGSEND = YES;
				GCC_C_LANGUAGE_STANDARD = gnu99;
				GCC_DYNAMIC_NO_PIC = NO;
				GCC_OPTIMIZATION_LEVEL = 0;
				GCC_PREPROCESSOR_DEFINITIONS = (
					"DEBUG=1",
					"$(inherited)",
				);
				GCC_SYMBOLS_PRIVATE_EXTERN = NO;
				GCC_WARN_64_TO_32_BIT_CONVERSION = YES;
				GCC_WARN_ABOUT_RETURN_TYPE = YES_ERROR;
				GCC_WARN_UNDECLARED_SELECTOR = YES;
				GCC_WARN_UNINITIALIZED_AUTOS = YES_AGGRESSIVE;
				GCC_WARN_UNUSED_FUNCTION = YES;
				GCC_WARN_UNUSED_VARIABLE = YES;
				IPHONEOS_DEPLOYMENT_TARGET = 8.1;
				MTL_ENABLE_DEBUG_INFO = YES;
				ONLY_ACTIVE_ARCH = YES;
				SDKROOT = iphoneos;
			};
			name = Debug;
		};
		20639B7D1A0457D50052340C /* Release */ = {
			isa = XCBuildConfiguration;
			buildSettings = {
				ALWAYS_SEARCH_USER_PATHS = NO;
				CLANG_CXX_LANGUAGE_STANDARD = "gnu++0x";
				CLANG_CXX_LIBRARY = "libc++";
				CLANG_ENABLE_MODULES = YES;
				CLANG_ENABLE_OBJC_ARC = YES;
				CLANG_WARN_BOOL_CONVERSION = YES;
				CLANG_WARN_CONSTANT_CONVERSION = YES;
				CLANG_WARN_DIRECT_OBJC_ISA_USAGE = YES_ERROR;
				CLANG_WARN_EMPTY_BODY = YES;
				CLANG_WARN_ENUM_CONVERSION = YES;
				CLANG_WARN_INT_CONVERSION = YES;
				CLANG_WARN_OBJC_ROOT_CLASS = YES_ERROR;
				CLANG_WARN_UNREACHABLE_CODE = YES;
				CLANG_WARN__DUPLICATE_METHOD_MATCH = YES;
				"CODE_SIGN_IDENTITY[sdk=iphoneos*]" = "iPhone Developer";
				COPY_PHASE_STRIP = YES;
				ENABLE_NS_ASSERTIONS = NO;
				ENABLE_STRICT_OBJC_MSGSEND = YES;
				GCC_C_LANGUAGE_STANDARD = gnu99;
				GCC_WARN_64_TO_32_BIT_CONVERSION = YES;
				GCC_WARN_ABOUT_RETURN_TYPE = YES_ERROR;
				GCC_WARN_UNDECLARED_SELECTOR = YES;
				GCC_WARN_UNINITIALIZED_AUTOS = YES_AGGRESSIVE;
				GCC_WARN_UNUSED_FUNCTION = YES;
				GCC_WARN_UNUSED_VARIABLE = YES;
				IPHONEOS_DEPLOYMENT_TARGET = 8.1;
				MTL_ENABLE_DEBUG_INFO = NO;
				SDKROOT = iphoneos;
				VALIDATE_PRODUCT = YES;
			};
			name = Release;
		};
		20639B7F1A0457D50052340C /* Debug */ = {
			isa = XCBuildConfiguration;
			buildSettings = {
				ASSETCATALOG_COMPILER_APPICON_NAME = AppIcon;
				INFOPLIST_FILE = TableTest/Info.plist;
				LD_RUNPATH_SEARCH_PATHS = "$(inherited) @executable_path/Frameworks";
				PRODUCT_NAME = "$(TARGET_NAME)";
			};
			name = Debug;
		};
		20639B801A0457D50052340C /* Release */ = {
			isa = XCBuildConfiguration;
			buildSettings = {
				ASSETCATALOG_COMPILER_APPICON_NAME = AppIcon;
				INFOPLIST_FILE = TableTest/Info.plist;
				LD_RUNPATH_SEARCH_PATHS = "$(inherited) @executable_path/Frameworks";
				PRODUCT_NAME = "$(TARGET_NAME)";
			};
			name = Release;
		};
		20639B821A0457D50052340C /* Debug */ = {
			isa = XCBuildConfiguration;
			buildSettings = {
				BUNDLE_LOADER = "$(TEST_HOST)";
				FRAMEWORK_SEARCH_PATHS = (
					"$(SDKROOT)/Developer/Library/Frameworks",
					"$(inherited)",
				);
				GCC_PREPROCESSOR_DEFINITIONS = (
					"DEBUG=1",
					"$(inherited)",
				);
				INFOPLIST_FILE = TableTestTests/Info.plist;
				LD_RUNPATH_SEARCH_PATHS = "$(inherited) @executable_path/Frameworks @loader_path/Frameworks";
				PRODUCT_NAME = "$(TARGET_NAME)";
				TEST_HOST = "$(BUILT_PRODUCTS_DIR)/TableTest.app/TableTest";
			};
			name = Debug;
		};
		20639B831A0457D50052340C /* Release */ = {
			isa = XCBuildConfiguration;
			buildSettings = {
				BUNDLE_LOADER = "$(TEST_HOST)";
				FRAMEWORK_SEARCH_PATHS = (
					"$(SDKROOT)/Developer/Library/Frameworks",
					"$(inherited)",
				);
				INFOPLIST_FILE = TableTestTests/Info.plist;
				LD_RUNPATH_SEARCH_PATHS = "$(inherited) @executable_path/Frameworks @loader_path/Frameworks";
				PRODUCT_NAME = "$(TARGET_NAME)";
				TEST_HOST = "$(BUILT_PRODUCTS_DIR)/TableTest.app/TableTest";
			};
			name = Release;
		};
/* End XCBuildConfiguration section */

/* Begin XCConfigurationList section */
		20639B561A0457D50052340C /* Build configuration list for PBXProject "TableTest" */ = {
			isa = XCConfigurationList;
			buildConfigurations = (
				20639B7C1A0457D50052340C /* Debug */,
				20639B7D1A0457D50052340C /* Release */,
			);
			defaultConfigurationIsVisible = 0;
			defaultConfigurationName = Release;
		};
		20639B7E1A0457D50052340C /* Build configuration list for PBXNativeTarget "TableTest" */ = {
			isa = XCConfigurationList;
			buildConfigurations = (
				20639B7F1A0457D50052340C /* Debug */,
				20639B801A0457D50052340C /* Release */,
			);
			defaultConfigurationIsVisible = 0;
		};
		20639B811A0457D50052340C /* Build configuration list for PBXNativeTarget "TableTestTests" */ = {
			isa = XCConfigurationList;
			buildConfigurations = (
				20639B821A0457D50052340C /* Debug */,
				20639B831A0457D50052340C /* Release */,
			);
			defaultConfigurationIsVisible = 0;
		};
/* End XCConfigurationList section */
	};
	rootObject = 20639B531A0457D50052340C /* Project object */;
}
